
Microsoft Visual Studio Solution File, Format Version 12.00
# Visual Studio Version 17
VisualStudioVersion = 17.7.34202.233
MinimumVisualStudioVersion = 10.0.40219.1
Project("{8BC9CEB8-8B4A-11D0-8D11-00A0C91BC942}") = "sorting", "sorting.vcxproj", "{A4ADD0B1-DD3A-4BF3-9E92-EA47A54F41F9}"
EndProject
Global
	GlobalSection(SolutionConfigurationPlatforms) = preSolution
		Debug|x64 = Debug|x64
		Debug|x86 = Debug|x86
		Release|x64 = Release|x64
		Release|x86 = Release|x86
	EndGlobalSection
	GlobalSection(ProjectConfigurationPlatforms) = postSolution
		{A4ADD0B1-DD3A-4BF3-9E92-EA47A54F41F9}.Debug|x64.ActiveCfg = Debug|x64
		{A4ADD0B1-DD3A-4BF3-9E92-EA47A54F41F9}.Debug|x64.Build.0 = Debug|x64
		{A4ADD0B1-DD3A-4BF3-9E92-EA47A54F41F9}.Debug|x86.ActiveCfg = Debug|Win32
		{A4ADD0B1-DD3A-4BF3-9E92-EA47A54F41F9}.Debug|x86.Build.0 = Debug|Win32
		{A4ADD0B1-DD3A-4BF3-9E92-EA47A54F41F9}.Release|x64.ActiveCfg = Release|x64
		{A4ADD0B1-DD3A-4BF3-9E92-EA47A54F41F9}.Release|x64.Build.0 = Release|x64
		{A4ADD0B1-DD3A-4BF3-9E92-EA47A54F41F9}.Release|x86.ActiveCfg = Release|Win32
		{A4ADD0B1-DD3A-4BF3-9E92-EA47A54F41F9}.Release|x86.Build.0 = Release|Win32
	EndGlobalSection
	GlobalSection(SolutionProperties) = preSolution
		HideSolutionNode = FALSE
	EndGlobalSection
	GlobalSection(ExtensibilityGlobals) = postSolution
		SolutionGuid = {CFC115B5-7652-4D46-928D-F922C484EB62}
	EndGlobalSection
EndGlobal
